
Microsoft Visual Studio Solution File, Format Version 12.00
# Visual Studio Version 17
VisualStudioVersion = 17.1.32210.238
MinimumVisualStudioVersion = 10.0.40219.1
Project("{FAE04EC0-301F-11D3-BF4B-00C04F79EFBC}") = "Forza4", "Forza4.csproj", "{AFECAF51-2AFE-40C7-A7A8-48CABEE97546}"
EndProject
Global
	GlobalSection(SolutionConfigurationPlatforms) = preSolution
		Debug|Any CPU = Debug|Any CPU
		Release|Any CPU = Release|Any CPU
	EndGlobalSection
	GlobalSection(ProjectConfigurationPlatforms) = postSolution
		{AFECAF51-2AFE-40C7-A7A8-48CABEE97546}.Debug|Any CPU.ActiveCfg = Debug|Any CPU
		{AFECAF51-2AFE-40C7-A7A8-48CABEE97546}.Debug|Any CPU.Build.0 = Debug|Any CPU
		{AFECAF51-2AFE-40C7-A7A8-48CABEE97546}.Release|Any CPU.ActiveCfg = Release|Any CPU
		{AFECAF51-2AFE-40C7-A7A8-48CABEE97546}.Release|Any CPU.Build.0 = Release|Any CPU
	EndGlobalSection
	GlobalSection(SolutionProperties) = preSolution
		HideSolutionNode = FALSE
	EndGlobalSection
	GlobalSection(ExtensibilityGlobals) = postSolution
		SolutionGuid = {F3D93129-01FB-4FA2-9F58-C6B04976A6F4}
	EndGlobalSection
EndGlobal
